// !$*UTF8*$!
{
	archiveVersion = 1;
	classes = {
	};
	objectVersion = 46;
	objects = {

/* Begin PBXBuildFile section */
		002E7C1BE292174E4A0FFD3A /* MessageSearchView.swift in Sources */ = {isa = PBXBuildFile; fileRef = 6D0C51F4AE0B859BEC48115E /* MessageSearchView.swift */; };
		0C4A6F8442A0B5CEC9B6A8DC /* HistoryView.swift in Sources */ = {isa = PBXBuildFile; fileRef = F103E1FAD249F946109D6584 /* HistoryView.swift */; };
		101A515C741AC7D9DFB221AE /* SettingsView.swift in Sources */ = {isa = PBXBuildFile; fileRef = 978596CE1088B787E74B285E /* SettingsView.swift */; };
		12D421320DDF932F1D18BF6F /* RemoteConversationModel.swift in Sources */ = {isa = PBXBuildFile; fileRef = 35AC6B866DC1635D55AAB4AA /* RemoteConversationModel.swift */; };
		199E510F03BB2C7CA2148486 /* RemoteSessionDetailView.swift in Sources */ = {isa = PBXBuildFile; fileRef = C0722B05FB0448A9032EFBDA /* RemoteSessionDetailView.swift */; };
		2354D680E504462EF7153985 /* BackupView.swift in Sources */ = {isa = PBXBuildFile; fileRef = BAC952520B8E67B4038064FB /* BackupView.swift */; };
		28E726BD923B776183825C47 /* AppModel.swift in Sources */ = {isa = PBXBuildFile; fileRef = C9C4C8104D97FE45A491B33B /* AppModel.swift */; };
		2FAA70EA5F84179221742BC8 /* Foundation.framework in Frameworks */ = {isa = PBXBuildFile; fileRef = C28409E01CF3C9A582AF3ADF /* Foundation.framework */; };
		3346F6241C50C7DAB838D4C2 /* ChatTimeline.swift in Sources */ = {isa = PBXBuildFile; fileRef = 50454D58F18B2420F79E7436 /* ChatTimeline.swift */; };
		35E40C189B7DAD19615D9007 /* HermesClient.swift in Sources */ = {isa = PBXBuildFile; fileRef = 01440E4DB1FAFBF6B192E691 /* HermesClient.swift */; };
		37E06642754314784243D2EF /* DraftStore.swift in Sources */ = {isa = PBXBuildFile; fileRef = 7A3DDB0149B8B7C3DE5C1542 /* DraftStore.swift */; };
		38AF0667049395E84565DF09 /* WorkspaceTests.swift in Sources */ = {isa = PBXBuildFile; fileRef = E2A6E570BFEAA95C3FDA6D21 /* WorkspaceTests.swift */; };
		4563C89BC5440627850E2288 /* ChatView.swift in Sources */ = {isa = PBXBuildFile; fileRef = C97823D7AC1233635B5524D9 /* ChatView.swift */; };
		5164C7C6649D4FC3FF6EDEDF /* RemoteModels.swift in Sources */ = {isa = PBXBuildFile; fileRef = 7A939A91DE145C2410DAA7DA /* RemoteModels.swift */; };
		576081A2226DC42A29880EE9 /* MessageContent.swift in Sources */ = {isa = PBXBuildFile; fileRef = A741AE4C88D2E608E15F3796 /* MessageContent.swift */; };
		5A073E3307869451184E4239 /* Theme.swift in Sources */ = {isa = PBXBuildFile; fileRef = 0049E3692406A81E50FCCAD4 /* Theme.swift */; };
		6263CB6B02D325949F7FBCB6 /* StreamingTests.swift in Sources */ = {isa = PBXBuildFile; fileRef = FFDBC33F6E85DE9D8A539338 /* StreamingTests.swift */; };
		69B9CD0816E1A31B754D752D /* ConnectionProfile.swift in Sources */ = {isa = PBXBuildFile; fileRef = 27B6408748EE751804A8BE46 /* ConnectionProfile.swift */; };
		752BFAABB47BDAC3380A44FB /* ConnectionTests.swift in Sources */ = {isa = PBXBuildFile; fileRef = BC847C5D0869EF644B706EE4 /* ConnectionTests.swift */; };
		7B06E3777F973BC9128FB3F9 /* RemoteTimestamp.swift in Sources */ = {isa = PBXBuildFile; fileRef = E8D603EB8935436D9B4C263C /* RemoteTimestamp.swift */; };
		842FEC841DB5C4C81A1EAA22 /* SessionStream.swift in Sources */ = {isa = PBXBuildFile; fileRef = 8FFE4F80A2E75F738D1DF742 /* SessionStream.swift */; };
		898A2169D3EAEA49966B6938 /* HermesApp.swift in Sources */ = {isa = PBXBuildFile; fileRef = DC4CFD5BA3BED7770588BF6A /* HermesApp.swift */; };
		915D3952B7BB071CA41223DB /* MessageContentView.swift in Sources */ = {isa = PBXBuildFile; fileRef = 5A32442E9B2DE079A5A238DA /* MessageContentView.swift */; };
		97BEDAFBA5E5F0BD3C494CCF /* KeychainStore.swift in Sources */ = {isa = PBXBuildFile; fileRef = 12BB5F32E7DCE25CAB477328 /* KeychainStore.swift */; };
		B1F2D39E8B4BE0A8AA2B05A8 /* RemoteWorkspaceView.swift in Sources */ = {isa = PBXBuildFile; fileRef = CD1452738C1904CD8499DFBF /* RemoteWorkspaceView.swift */; };
		B5FCB2E81C1C0EF1AA4609AB /* BackupTests.swift in Sources */ = {isa = PBXBuildFile; fileRef = 5D54B416F25124FAC90C8A3B /* BackupTests.swift */; };
		C915847C31AFD384D21A2E24 /* ConversationBranchTests.swift in Sources */ = {isa = PBXBuildFile; fileRef = D7CAFF5D46C759AC52DEBF1A /* ConversationBranchTests.swift */; };
		CEBAFD67AE0488E6F23A64BE /* RemoteWorkspaceComponents.swift in Sources */ = {isa = PBXBuildFile; fileRef = 40D9512A229B4F10175F1D1E /* RemoteWorkspaceComponents.swift */; };
		D285EA970190EDDCA822565A /* RemoteJobDetailView.swift in Sources */ = {isa = PBXBuildFile; fileRef = 12B6321212352660534CFA64 /* RemoteJobDetailView.swift */; };
		D5BB2E48F52752077D7D2ED4 /* Assets.xcassets in Resources */ = {isa = PBXBuildFile; fileRef = F619CAF95F1F3614F20BDFE3 /* Assets.xcassets */; };
		D664ED1087F500BFAF935537 /* MessageContentTests.swift in Sources */ = {isa = PBXBuildFile; fileRef = C821943A1E303812C17EEBB8 /* MessageContentTests.swift */; };
		D8D567CDD65EB6E2351B0A33 /* Foundation.framework in Frameworks */ = {isa = PBXBuildFile; fileRef = C28409E01CF3C9A582AF3ADF /* Foundation.framework */; };
		DEB8FE59F7BB4EB2272A4A51 /* ImageAttachmentStore.swift in Sources */ = {isa = PBXBuildFile; fileRef = ABBD391E83201FBC04493109 /* ImageAttachmentStore.swift */; };
		E10728EE25B61814E98A5507 /* RemoteWorkspaceModel.swift in Sources */ = {isa = PBXBuildFile; fileRef = D5BB7DAB23310BB37C5EBC91 /* RemoteWorkspaceModel.swift */; };
		EBA113B69CE06CA9E524D3C6 /* EditMessageView.swift in Sources */ = {isa = PBXBuildFile; fileRef = A3559963B9B7837D4AD38C56 /* EditMessageView.swift */; };
		F70F53E3233DDEE7B30A2B4B /* BackupArchive.swift in Sources */ = {isa = PBXBuildFile; fileRef = AB7F1C7847EFB13754E8FDC1 /* BackupArchive.swift */; };
		FA7A7CD5C45684DADBFFD998 /* ChatModels.swift in Sources */ = {isa = PBXBuildFile; fileRef = 81841F748A2657370F7263E2 /* ChatModels.swift */; };
		FE9D0166A2D5F0C969C0A00C /* SSEParser.swift in Sources */ = {isa = PBXBuildFile; fileRef = D849C1401D58CAD2E2BBA804 /* SSEParser.swift */; };
		FF2E79DD5DA3FEF14D422846 /* RemoteJobEditorView.swift in Sources */ = {isa = PBXBuildFile; fileRef = 6408E8293B870D194A8E718D /* RemoteJobEditorView.swift */; };
/* End PBXBuildFile section */

/* Begin PBXContainerItemProxy section */
		0014588DBCBDADD8100A9B72 /* PBXContainerItemProxy */ = {
			isa = PBXContainerItemProxy;
			containerPortal = 851DAFAC5699C56F7D232327 /* Project object */;
			proxyType = 1;
			remoteGlobalIDString = E54F8BDB39E6EF243BC7CC28;
			remoteInfo = Hermes;
		};
/* End PBXContainerItemProxy section */

/* Begin PBXFileReference section */
		0049E3692406A81E50FCCAD4 /* Theme.swift */ = {isa = PBXFileReference; includeInIndex = 1; lastKnownFileType = sourcecode.swift; path = Theme.swift; sourceTree = "<group>"; };
		01440E4DB1FAFBF6B192E691 /* HermesClient.swift */ = {isa = PBXFileReference; includeInIndex = 1; lastKnownFileType = sourcecode.swift; path = HermesClient.swift; sourceTree = "<group>"; };
		12B6321212352660534CFA64 /* RemoteJobDetailView.swift */ = {isa = PBXFileReference; includeInIndex = 1; lastKnownFileType = sourcecode.swift; path = RemoteJobDetailView.swift; sourceTree = "<group>"; };
		12BB5F32E7DCE25CAB477328 /* KeychainStore.swift */ = {isa = PBXFileReference; includeInIndex = 1; lastKnownFileType = sourcecode.swift; path = KeychainStore.swift; sourceTree = "<group>"; };
		27B6408748EE751804A8BE46 /* ConnectionProfile.swift */ = {isa = PBXFileReference; includeInIndex = 1; lastKnownFileType = sourcecode.swift; path = ConnectionProfile.swift; sourceTree = "<group>"; };
		35AC6B866DC1635D55AAB4AA /* RemoteConversationModel.swift */ = {isa = PBXFileReference; includeInIndex = 1; lastKnownFileType = sourcecode.swift; path = RemoteConversationModel.swift; sourceTree = "<group>"; };
		40D9512A229B4F10175F1D1E /* RemoteWorkspaceComponents.swift */ = {isa = PBXFileReference; includeInIndex = 1; lastKnownFileType = sourcecode.swift; path = RemoteWorkspaceComponents.swift; sourceTree = "<group>"; };
		4FFA3EDAAF6A04F3B595630C /* Info.plist */ = {isa = PBXFileReference; includeInIndex = 1; lastKnownFileType = text.plist.xml; path = Info.plist; sourceTree = "<group>"; };
		50454D58F18B2420F79E7436 /* ChatTimeline.swift */ = {isa = PBXFileReference; includeInIndex = 1; lastKnownFileType = sourcecode.swift; path = ChatTimeline.swift; sourceTree = "<group>"; };
		5A32442E9B2DE079A5A238DA /* MessageContentView.swift */ = {isa = PBXFileReference; includeInIndex = 1; lastKnownFileType = sourcecode.swift; path = MessageContentView.swift; sourceTree = "<group>"; };
		5D54B416F25124FAC90C8A3B /* BackupTests.swift */ = {isa = PBXFileReference; includeInIndex = 1; lastKnownFileType = sourcecode.swift; path = BackupTests.swift; sourceTree = "<group>"; };
		626CB658BDCDB6DC25CB7E91 /* HermesTests.xctest */ = {isa = PBXFileReference; explicitFileType = wrapper.cfbundle; includeInIndex = 0; path = HermesTests.xctest; sourceTree = BUILT_PRODUCTS_DIR; };
		6408E8293B870D194A8E718D /* RemoteJobEditorView.swift */ = {isa = PBXFileReference; includeInIndex = 1; lastKnownFileType = sourcecode.swift; path = RemoteJobEditorView.swift; sourceTree = "<group>"; };
		6D0C51F4AE0B859BEC48115E /* MessageSearchView.swift */ = {isa = PBXFileReference; includeInIndex = 1; lastKnownFileType = sourcecode.swift; path = MessageSearchView.swift; sourceTree = "<group>"; };
		7A3DDB0149B8B7C3DE5C1542 /* DraftStore.swift */ = {isa = PBXFileReference; includeInIndex = 1; lastKnownFileType = sourcecode.swift; path = DraftStore.swift; sourceTree = "<group>"; };
		7A939A91DE145C2410DAA7DA /* RemoteModels.swift */ = {isa = PBXFileReference; includeInIndex = 1; lastKnownFileType = sourcecode.swift; path = RemoteModels.swift; sourceTree = "<group>"; };
		81841F748A2657370F7263E2 /* ChatModels.swift */ = {isa = PBXFileReference; includeInIndex = 1; lastKnownFileType = sourcecode.swift; path = ChatModels.swift; sourceTree = "<group>"; };
		8FFE4F80A2E75F738D1DF742 /* SessionStream.swift */ = {isa = PBXFileReference; includeInIndex = 1; lastKnownFileType = sourcecode.swift; path = SessionStream.swift; sourceTree = "<group>"; };
		978596CE1088B787E74B285E /* SettingsView.swift */ = {isa = PBXFileReference; includeInIndex = 1; lastKnownFileType = sourcecode.swift; path = SettingsView.swift; sourceTree = "<group>"; };
		A3559963B9B7837D4AD38C56 /* EditMessageView.swift */ = {isa = PBXFileReference; includeInIndex = 1; lastKnownFileType = sourcecode.swift; path = EditMessageView.swift; sourceTree = "<group>"; };
		A741AE4C88D2E608E15F3796 /* MessageContent.swift */ = {isa = PBXFileReference; includeInIndex = 1; lastKnownFileType = sourcecode.swift; path = MessageContent.swift; sourceTree = "<group>"; };
		AB7F1C7847EFB13754E8FDC1 /* BackupArchive.swift */ = {isa = PBXFileReference; includeInIndex = 1; lastKnownFileType = sourcecode.swift; path = BackupArchive.swift; sourceTree = "<group>"; };
		ABBD391E83201FBC04493109 /* ImageAttachmentStore.swift */ = {isa = PBXFileReference; includeInIndex = 1; lastKnownFileType = sourcecode.swift; path = ImageAttachmentStore.swift; sourceTree = "<group>"; };
		BAC952520B8E67B4038064FB /* BackupView.swift */ = {isa = PBXFileReference; includeInIndex = 1; lastKnownFileType = sourcecode.swift; path = BackupView.swift; sourceTree = "<group>"; };
		BC847C5D0869EF644B706EE4 /* ConnectionTests.swift */ = {isa = PBXFileReference; includeInIndex = 1; lastKnownFileType = sourcecode.swift; path = ConnectionTests.swift; sourceTree = "<group>"; };
		C0722B05FB0448A9032EFBDA /* RemoteSessionDetailView.swift */ = {isa = PBXFileReference; includeInIndex = 1; lastKnownFileType = sourcecode.swift; path = RemoteSessionDetailView.swift; sourceTree = "<group>"; };
		C28409E01CF3C9A582AF3ADF /* Foundation.framework */ = {isa = PBXFileReference; lastKnownFileType = wrapper.framework; name = Foundation.framework; path = Platforms/iPhoneOS.platform/Developer/SDKs/iPhoneOS14.0.sdk/System/Library/Frameworks/Foundation.framework; sourceTree = DEVELOPER_DIR; };
		C821943A1E303812C17EEBB8 /* MessageContentTests.swift */ = {isa = PBXFileReference; includeInIndex = 1; lastKnownFileType = sourcecode.swift; path = MessageContentTests.swift; sourceTree = "<group>"; };
		C97823D7AC1233635B5524D9 /* ChatView.swift */ = {isa = PBXFileReference; includeInIndex = 1; lastKnownFileType = sourcecode.swift; path = ChatView.swift; sourceTree = "<group>"; };
		C9C4C8104D97FE45A491B33B /* AppModel.swift */ = {isa = PBXFileReference; includeInIndex = 1; lastKnownFileType = sourcecode.swift; path = AppModel.swift; sourceTree = "<group>"; };
		CD1452738C1904CD8499DFBF /* RemoteWorkspaceView.swift */ = {isa = PBXFileReference; includeInIndex = 1; lastKnownFileType = sourcecode.swift; path = RemoteWorkspaceView.swift; sourceTree = "<group>"; };
		D5BB7DAB23310BB37C5EBC91 /* RemoteWorkspaceModel.swift */ = {isa = PBXFileReference; includeInIndex = 1; lastKnownFileType = sourcecode.swift; path = RemoteWorkspaceModel.swift; sourceTree = "<group>"; };
		D7CAFF5D46C759AC52DEBF1A /* ConversationBranchTests.swift */ = {isa = PBXFileReference; includeInIndex = 1; lastKnownFileType = sourcecode.swift; path = ConversationBranchTests.swift; sourceTree = "<group>"; };
		D849C1401D58CAD2E2BBA804 /* SSEParser.swift */ = {isa = PBXFileReference; includeInIndex = 1; lastKnownFileType = sourcecode.swift; path = SSEParser.swift; sourceTree = "<group>"; };
		DC4CFD5BA3BED7770588BF6A /* HermesApp.swift */ = {isa = PBXFileReference; includeInIndex = 1; lastKnownFileType = sourcecode.swift; path = HermesApp.swift; sourceTree = "<group>"; };
		DF3D49FDC03D59DB268EF9FD /* Hermes.app */ = {isa = PBXFileReference; explicitFileType = wrapper.application; includeInIndex = 0; path = Hermes.app; sourceTree = BUILT_PRODUCTS_DIR; };
		E2A6E570BFEAA95C3FDA6D21 /* WorkspaceTests.swift */ = {isa = PBXFileReference; includeInIndex = 1; lastKnownFileType = sourcecode.swift; path = WorkspaceTests.swift; sourceTree = "<group>"; };
		E8D603EB8935436D9B4C263C /* RemoteTimestamp.swift */ = {isa = PBXFileReference; includeInIndex = 1; lastKnownFileType = sourcecode.swift; path = RemoteTimestamp.swift; sourceTree = "<group>"; };
		F103E1FAD249F946109D6584 /* HistoryView.swift */ = {isa = PBXFileReference; includeInIndex = 1; lastKnownFileType = sourcecode.swift; path = HistoryView.swift; sourceTree = "<group>"; };
		F619CAF95F1F3614F20BDFE3 /* Assets.xcassets */ = {isa = PBXFileReference; includeInIndex = 1; lastKnownFileType = folder.assetcatalog; path = Assets.xcassets; sourceTree = "<group>"; };
		FFDBC33F6E85DE9D8A539338 /* StreamingTests.swift */ = {isa = PBXFileReference; includeInIndex = 1; lastKnownFileType = sourcecode.swift; path = StreamingTests.swift; sourceTree = "<group>"; };
/* End PBXFileReference section */

/* Begin PBXFrameworksBuildPhase section */
		0CF563BEB9F48B099D6169B9 /* Frameworks */ = {
			isa = PBXFrameworksBuildPhase;
			buildActionMask = 2147483647;
			files = (
				D8D567CDD65EB6E2351B0A33 /* Foundation.framework in Frameworks */,
			);
			runOnlyForDeploymentPostprocessing = 0;
		};
		3B735E19553A8A266D4F1EB5 /* Frameworks */ = {
			isa = PBXFrameworksBuildPhase;
			buildActionMask = 2147483647;
			files = (
				2FAA70EA5F84179221742BC8 /* Foundation.framework in Frameworks */,
			);
			runOnlyForDeploymentPostprocessing = 0;
		};
/* End PBXFrameworksBuildPhase section */

/* Begin PBXGroup section */
		1F33EE3CCCCF50A421E27D1D /* Products */ = {
			isa = PBXGroup;
			children = (
				DF3D49FDC03D59DB268EF9FD /* Hermes.app */,
				626CB658BDCDB6DC25CB7E91 /* HermesTests.xctest */,
			);
			name = Products;
			sourceTree = "<group>";
		};
		835CECEAFB6688A04A1FE12A /* iOS */ = {
			isa = PBXGroup;
			children = (
				C28409E01CF3C9A582AF3ADF /* Foundation.framework */,
			);
			name = iOS;
			sourceTree = "<group>";
		};
		97028ABBB5611A216DA9E78A /* Hermes */ = {
			isa = PBXGroup;
			children = (
				C9C4C8104D97FE45A491B33B /* AppModel.swift */,
				81841F748A2657370F7263E2 /* ChatModels.swift */,
				C97823D7AC1233635B5524D9 /* ChatView.swift */,
				DC4CFD5BA3BED7770588BF6A /* HermesApp.swift */,
				01440E4DB1FAFBF6B192E691 /* HermesClient.swift */,
				F103E1FAD249F946109D6584 /* HistoryView.swift */,
				ABBD391E83201FBC04493109 /* ImageAttachmentStore.swift */,
				12BB5F32E7DCE25CAB477328 /* KeychainStore.swift */,
				7A939A91DE145C2410DAA7DA /* RemoteModels.swift */,
				CD1452738C1904CD8499DFBF /* RemoteWorkspaceView.swift */,
				D849C1401D58CAD2E2BBA804 /* SSEParser.swift */,
				978596CE1088B787E74B285E /* SettingsView.swift */,
				0049E3692406A81E50FCCAD4 /* Theme.swift */,
				F619CAF95F1F3614F20BDFE3 /* Assets.xcassets */,
				4FFA3EDAAF6A04F3B595630C /* Info.plist */,
				35AC6B866DC1635D55AAB4AA /* RemoteConversationModel.swift */,
				6408E8293B870D194A8E718D /* RemoteJobEditorView.swift */,
				C0722B05FB0448A9032EFBDA /* RemoteSessionDetailView.swift */,
				8FFE4F80A2E75F738D1DF742 /* SessionStream.swift */,
				27B6408748EE751804A8BE46 /* ConnectionProfile.swift */,
				7A3DDB0149B8B7C3DE5C1542 /* DraftStore.swift */,
				AB7F1C7847EFB13754E8FDC1 /* BackupArchive.swift */,
				BAC952520B8E67B4038064FB /* BackupView.swift */,
				12B6321212352660534CFA64 /* RemoteJobDetailView.swift */,
				E8D603EB8935436D9B4C263C /* RemoteTimestamp.swift */,
				40D9512A229B4F10175F1D1E /* RemoteWorkspaceComponents.swift */,
				D5BB7DAB23310BB37C5EBC91 /* RemoteWorkspaceModel.swift */,
				50454D58F18B2420F79E7436 /* ChatTimeline.swift */,
				A3559963B9B7837D4AD38C56 /* EditMessageView.swift */,
				A741AE4C88D2E608E15F3796 /* MessageContent.swift */,
				5A32442E9B2DE079A5A238DA /* MessageContentView.swift */,
				6D0C51F4AE0B859BEC48115E /* MessageSearchView.swift */,
			);
			name = Hermes;
			path = Hermes;
			sourceTree = "<group>";
		};
		A7B1C65D980DCC81645586FA /* Frameworks */ = {
			isa = PBXGroup;
			children = (
				835CECEAFB6688A04A1FE12A /* iOS */,
			);
			name = Frameworks;
			sourceTree = "<group>";
		};
		ACCB7FEF9E7B81AD940C279A /* HermesTests */ = {
			isa = PBXGroup;
			children = (
				FFDBC33F6E85DE9D8A539338 /* StreamingTests.swift */,
				BC847C5D0869EF644B706EE4 /* ConnectionTests.swift */,
				5D54B416F25124FAC90C8A3B /* BackupTests.swift */,
				E2A6E570BFEAA95C3FDA6D21 /* WorkspaceTests.swift */,
				D7CAFF5D46C759AC52DEBF1A /* ConversationBranchTests.swift */,
				C821943A1E303812C17EEBB8 /* MessageContentTests.swift */,
			);
			name = HermesTests;
			path = HermesTests;
			sourceTree = "<group>";
		};
		E2A951C2FA08B95AEFE8D43B = {
			isa = PBXGroup;
			children = (
				1F33EE3CCCCF50A421E27D1D /* Products */,
				A7B1C65D980DCC81645586FA /* Frameworks */,
				97028ABBB5611A216DA9E78A /* Hermes */,
				ACCB7FEF9E7B81AD940C279A /* HermesTests */,
			);
			sourceTree = "<group>";
		};
/* End PBXGroup section */

/* Begin PBXNativeTarget section */
		19E840DC683BB49C7528D15E /* HermesTests */ = {
			isa = PBXNativeTarget;
			buildConfigurationList = B9552542AE46174CA180DDD0 /* Build configuration list for PBXNativeTarget "HermesTests" */;
			buildPhases = (
				E6D5C5E3D0615BCF5B5AB496 /* Sources */,
				0CF563BEB9F48B099D6169B9 /* Frameworks */,
				C307EBC9948DC76E0C878E2B /* Resources */,
			);
			buildRules = (
			);
			dependencies = (
				369BD2FEC2C2DBF0BDC90A7C /* PBXTargetDependency */,
			);
			name = HermesTests;
			productName = HermesTests;
			productReference = 626CB658BDCDB6DC25CB7E91 /* HermesTests.xctest */;
			productType = "com.apple.product-type.bundle.unit-test";
		};
		E54F8BDB39E6EF243BC7CC28 /* Hermes */ = {
			isa = PBXNativeTarget;
			buildConfigurationList = 7B42D0EA63ABA83D7005B331 /* Build configuration list for PBXNativeTarget "Hermes" */;
			buildPhases = (
				3DC777403F1DB3497B04C1B1 /* Sources */,
				3B735E19553A8A266D4F1EB5 /* Frameworks */,
				BA1AC73D017F35D3168C1796 /* Resources */,
			);
			buildRules = (
			);
			dependencies = (
			);
			name = Hermes;
			productName = Hermes;
			productReference = DF3D49FDC03D59DB268EF9FD /* Hermes.app */;
			productType = "com.apple.product-type.application";
		};
/* End PBXNativeTarget section */

/* Begin PBXProject section */
		851DAFAC5699C56F7D232327 /* Project object */ = {
			isa = PBXProject;
			attributes = {
				LastSwiftUpdateCheck = 1300;
				LastUpgradeCheck = 1600;
			};
			buildConfigurationList = D796E656202458D1826D452C /* Build configuration list for PBXProject "Hermes" */;
			compatibilityVersion = "Xcode 3.2";
			developmentRegion = en;
			hasScannedForEncodings = 0;
			knownRegions = (
				en,
				Base,
			);
			mainGroup = E2A951C2FA08B95AEFE8D43B;
			productRefGroup = 1F33EE3CCCCF50A421E27D1D /* Products */;
			projectDirPath = "";
			projectRoot = "";
			targets = (
				E54F8BDB39E6EF243BC7CC28 /* Hermes */,
				19E840DC683BB49C7528D15E /* HermesTests */,
			);
		};
/* End PBXProject section */

/* Begin PBXResourcesBuildPhase section */
		BA1AC73D017F35D3168C1796 /* Resources */ = {
			isa = PBXResourcesBuildPhase;
			buildActionMask = 2147483647;
			files = (
				D5BB2E48F52752077D7D2ED4 /* Assets.xcassets in Resources */,
			);
			runOnlyForDeploymentPostprocessing = 0;
		};
		C307EBC9948DC76E0C878E2B /* Resources */ = {
			isa = PBXResourcesBuildPhase;
			buildActionMask = 2147483647;
			files = (
			);
			runOnlyForDeploymentPostprocessing = 0;
		};
/* End PBXResourcesBuildPhase section */

/* Begin PBXSourcesBuildPhase section */
		3DC777403F1DB3497B04C1B1 /* Sources */ = {
			isa = PBXSourcesBuildPhase;
			buildActionMask = 2147483647;
			files = (
				28E726BD923B776183825C47 /* AppModel.swift in Sources */,
				FA7A7CD5C45684DADBFFD998 /* ChatModels.swift in Sources */,
				4563C89BC5440627850E2288 /* ChatView.swift in Sources */,
				898A2169D3EAEA49966B6938 /* HermesApp.swift in Sources */,
				35E40C189B7DAD19615D9007 /* HermesClient.swift in Sources */,
				0C4A6F8442A0B5CEC9B6A8DC /* HistoryView.swift in Sources */,
				DEB8FE59F7BB4EB2272A4A51 /* ImageAttachmentStore.swift in Sources */,
				97BEDAFBA5E5F0BD3C494CCF /* KeychainStore.swift in Sources */,
				5164C7C6649D4FC3FF6EDEDF /* RemoteModels.swift in Sources */,
				B1F2D39E8B4BE0A8AA2B05A8 /* RemoteWorkspaceView.swift in Sources */,
				FE9D0166A2D5F0C969C0A00C /* SSEParser.swift in Sources */,
				101A515C741AC7D9DFB221AE /* SettingsView.swift in Sources */,
				5A073E3307869451184E4239 /* Theme.swift in Sources */,
				12D421320DDF932F1D18BF6F /* RemoteConversationModel.swift in Sources */,
				FF2E79DD5DA3FEF14D422846 /* RemoteJobEditorView.swift in Sources */,
				199E510F03BB2C7CA2148486 /* RemoteSessionDetailView.swift in Sources */,
				842FEC841DB5C4C81A1EAA22 /* SessionStream.swift in Sources */,
				69B9CD0816E1A31B754D752D /* ConnectionProfile.swift in Sources */,
				37E06642754314784243D2EF /* DraftStore.swift in Sources */,
				F70F53E3233DDEE7B30A2B4B /* BackupArchive.swift in Sources */,
				2354D680E504462EF7153985 /* BackupView.swift in Sources */,
				D285EA970190EDDCA822565A /* RemoteJobDetailView.swift in Sources */,
				7B06E3777F973BC9128FB3F9 /* RemoteTimestamp.swift in Sources */,
				CEBAFD67AE0488E6F23A64BE /* RemoteWorkspaceComponents.swift in Sources */,
				E10728EE25B61814E98A5507 /* RemoteWorkspaceModel.swift in Sources */,
				3346F6241C50C7DAB838D4C2 /* ChatTimeline.swift in Sources */,
				EBA113B69CE06CA9E524D3C6 /* EditMessageView.swift in Sources */,
				576081A2226DC42A29880EE9 /* MessageContent.swift in Sources */,
				915D3952B7BB071CA41223DB /* MessageContentView.swift in Sources */,
				002E7C1BE292174E4A0FFD3A /* MessageSearchView.swift in Sources */,
			);
			runOnlyForDeploymentPostprocessing = 0;
		};
		E6D5C5E3D0615BCF5B5AB496 /* Sources */ = {
			isa = PBXSourcesBuildPhase;
			buildActionMask = 2147483647;
			files = (
				6263CB6B02D325949F7FBCB6 /* StreamingTests.swift in Sources */,
				752BFAABB47BDAC3380A44FB /* ConnectionTests.swift in Sources */,
				B5FCB2E81C1C0EF1AA4609AB /* BackupTests.swift in Sources */,
				38AF0667049395E84565DF09 /* WorkspaceTests.swift in Sources */,
				C915847C31AFD384D21A2E24 /* ConversationBranchTests.swift in Sources */,
				D664ED1087F500BFAF935537 /* MessageContentTests.swift in Sources */,
			);
			runOnlyForDeploymentPostprocessing = 0;
		};
/* End PBXSourcesBuildPhase section */

/* Begin PBXTargetDependency section */
		369BD2FEC2C2DBF0BDC90A7C /* PBXTargetDependency */ = {
			isa = PBXTargetDependency;
			name = Hermes;
			target = E54F8BDB39E6EF243BC7CC28 /* Hermes */;
			targetProxy = 0014588DBCBDADD8100A9B72 /* PBXContainerItemProxy */;
		};
/* End PBXTargetDependency section */

/* Begin XCBuildConfiguration section */
		229474885C5D720767912087 /* Debug */ = {
			isa = XCBuildConfiguration;
			buildSettings = {
				BUNDLE_LOADER = "$(TEST_HOST)";
				CLANG_ENABLE_OBJC_WEAK = NO;
				CODE_SIGN_STYLE = Automatic;
				GENERATE_INFOPLIST_FILE = YES;
				IPHONEOS_DEPLOYMENT_TARGET = 17.0;
				PRODUCT_BUNDLE_IDENTIFIER = com.a7w.hermes.tests;
				SDKROOT = iphoneos;
				SWIFT_VERSION = 5.0;
				TEST_HOST = "$(BUILT_PRODUCTS_DIR)/Hermes.app/Hermes";
			};
			name = Debug;
		};
		3EC43E9C3BE387B4DFD891AD /* Release */ = {
			isa = XCBuildConfiguration;
			buildSettings = {
				ASSETCATALOG_COMPILER_APPICON_NAME = AppIcon;
				ASSETCATALOG_COMPILER_GLOBAL_ACCENT_COLOR_NAME = AccentColor;
				CLANG_ENABLE_OBJC_WEAK = NO;
				CODE_SIGN_STYLE = Automatic;
				CURRENT_PROJECT_VERSION = 1;
				ENABLE_PREVIEWS = YES;
				GENERATE_INFOPLIST_FILE = NO;
				INFOPLIST_FILE = Hermes/Info.plist;
				IPHONEOS_DEPLOYMENT_TARGET = 17.0;
				LD_RUNPATH_SEARCH_PATHS = "$(inherited) @executable_path/Frameworks";
				MARKETING_VERSION = 0.8.0;
				PRODUCT_BUNDLE_IDENTIFIER = com.a7w.hermes;
				PRODUCT_NAME = Hermes;
				SDKROOT = iphoneos;
				SWIFT_VERSION = 5.0;
				TARGETED_DEVICE_FAMILY = "1,2";
				VALIDATE_PRODUCT = YES;
			};
			name = Release;
		};
		5AEAFDB2CB4BD23730CB3BAC /* Release */ = {
			isa = XCBuildConfiguration;
			buildSettings = {
				ALWAYS_SEARCH_USER_PATHS = NO;
				CLANG_ANALYZER_NONNULL = YES;
				CLANG_ANALYZER_NUMBER_OBJECT_CONVERSION = YES_AGGRESSIVE;
				CLANG_CXX_LANGUAGE_STANDARD = "gnu++14";
				CLANG_CXX_LIBRARY = "libc++";
				CLANG_ENABLE_MODULES = YES;
				CLANG_ENABLE_OBJC_ARC = YES;
				CLANG_ENABLE_OBJC_WEAK = YES;
				CLANG_WARN_BLOCK_CAPTURE_AUTORELEASING = YES;
				CLANG_WARN_BOOL_CONVERSION = YES;
				CLANG_WARN_COMMA = YES;
				CLANG_WARN_CONSTANT_CONVERSION = YES;
				CLANG_WARN_DEPRECATED_OBJC_IMPLEMENTATIONS = YES;
				CLANG_WARN_DIRECT_OBJC_ISA_USAGE = YES_ERROR;
				CLANG_WARN_DOCUMENTATION_COMMENTS = YES;
				CLANG_WARN_EMPTY_BODY = YES;
				CLANG_WARN_ENUM_CONVERSION = YES;
				CLANG_WARN_INFINITE_RECURSION = YES;
				CLANG_WARN_INT_CONVERSION = YES;
				CLANG_WARN_NON_LITERAL_NULL_CONVERSION = YES;
				CLANG_WARN_OBJC_IMPLICIT_RETAIN_SELF = YES;
				CLANG_WARN_OBJC_LITERAL_CONVERSION = YES;
				CLANG_WARN_OBJC_ROOT_CLASS = YES_ERROR;
				CLANG_WARN_QUOTED_INCLUDE_IN_FRAMEWORK_HEADER = YES;
				CLANG_WARN_RANGE_LOOP_ANALYSIS = YES;
				CLANG_WARN_STRICT_PROTOTYPES = YES;
				CLANG_WARN_SUSPICIOUS_MOVE = YES;
				CLANG_WARN_UNGUARDED_AVAILABILITY = YES_AGGRESSIVE;
				CLANG_WARN_UNREACHABLE_CODE = YES;
				CLANG_WARN__DUPLICATE_METHOD_MATCH = YES;
				COPY_PHASE_STRIP = NO;
				DEBUG_INFORMATION_FORMAT = "dwarf-with-dsym";
				ENABLE_NS_ASSERTIONS = NO;
				ENABLE_STRICT_OBJC_MSGSEND = YES;
				GCC_C_LANGUAGE_STANDARD = gnu11;
				GCC_NO_COMMON_BLOCKS = YES;
				GCC_WARN_64_TO_32_BIT_CONVERSION = YES;
				GCC_WARN_ABOUT_RETURN_TYPE = YES_ERROR;
				GCC_WARN_UNDECLARED_SELECTOR = YES;
				GCC_WARN_UNINITIALIZED_AUTOS = YES_AGGRESSIVE;
				GCC_WARN_UNUSED_FUNCTION = YES;
				GCC_WARN_UNUSED_VARIABLE = YES;
				IPHONEOS_DEPLOYMENT_TARGET = 17.0;
				MTL_ENABLE_DEBUG_INFO = NO;
				MTL_FAST_MATH = YES;
				PRODUCT_NAME = "$(TARGET_NAME)";
				SDKROOT = iphoneos;
				SWIFT_COMPILATION_MODE = wholemodule;
				SWIFT_OPTIMIZATION_LEVEL = "-O";
				SWIFT_VERSION = 5.0;
			};
			name = Release;
		};
		803478B0C10E64E9E380F974 /* Release */ = {
			isa = XCBuildConfiguration;
			buildSettings = {
				BUNDLE_LOADER = "$(TEST_HOST)";
				CLANG_ENABLE_OBJC_WEAK = NO;
				CODE_SIGN_STYLE = Automatic;
				GENERATE_INFOPLIST_FILE = YES;
				IPHONEOS_DEPLOYMENT_TARGET = 17.0;
				PRODUCT_BUNDLE_IDENTIFIER = com.a7w.hermes.tests;
				SDKROOT = iphoneos;
				SWIFT_VERSION = 5.0;
				TEST_HOST = "$(BUILT_PRODUCTS_DIR)/Hermes.app/Hermes";
				VALIDATE_PRODUCT = YES;
			};
			name = Release;
		};
		A959E1159F364B21476356AF /* Debug */ = {
			isa = XCBuildConfiguration;
			buildSettings = {
				ASSETCATALOG_COMPILER_APPICON_NAME = AppIcon;
				ASSETCATALOG_COMPILER_GLOBAL_ACCENT_COLOR_NAME = AccentColor;
				CLANG_ENABLE_OBJC_WEAK = NO;
				CODE_SIGN_STYLE = Automatic;
				CURRENT_PROJECT_VERSION = 1;
				ENABLE_PREVIEWS = YES;
				GENERATE_INFOPLIST_FILE = NO;
				INFOPLIST_FILE = Hermes/Info.plist;
				IPHONEOS_DEPLOYMENT_TARGET = 17.0;
				LD_RUNPATH_SEARCH_PATHS = "$(inherited) @executable_path/Frameworks";
				MARKETING_VERSION = 0.8.0;
				PRODUCT_BUNDLE_IDENTIFIER = com.a7w.hermes;
				PRODUCT_NAME = Hermes;
				SDKROOT = iphoneos;
				SWIFT_VERSION = 5.0;
				TARGETED_DEVICE_FAMILY = "1,2";
			};
			name = Debug;
		};
		D07D5D63A2863CD66C15E161 /* Debug */ = {
			isa = XCBuildConfiguration;
			buildSettings = {
				ALWAYS_SEARCH_USER_PATHS = NO;
				CLANG_ANALYZER_NONNULL = YES;
				CLANG_ANALYZER_NUMBER_OBJECT_CONVERSION = YES_AGGRESSIVE;
				CLANG_CXX_LANGUAGE_STANDARD = "gnu++14";
				CLANG_CXX_LIBRARY = "libc++";
				CLANG_ENABLE_MODULES = YES;
				CLANG_ENABLE_OBJC_ARC = YES;
				CLANG_ENABLE_OBJC_WEAK = YES;
				CLANG_WARN_BLOCK_CAPTURE_AUTORELEASING = YES;
				CLANG_WARN_BOOL_CONVERSION = YES;
				CLANG_WARN_COMMA = YES;
				CLANG_WARN_CONSTANT_CONVERSION = YES;
				CLANG_WARN_DEPRECATED_OBJC_IMPLEMENTATIONS = YES;
				CLANG_WARN_DIRECT_OBJC_ISA_USAGE = YES_ERROR;
				CLANG_WARN_DOCUMENTATION_COMMENTS = YES;
				CLANG_WARN_EMPTY_BODY = YES;
				CLANG_WARN_ENUM_CONVERSION = YES;
				CLANG_WARN_INFINITE_RECURSION = YES;
				CLANG_WARN_INT_CONVERSION = YES;
				CLANG_WARN_NON_LITERAL_NULL_CONVERSION = YES;
				CLANG_WARN_OBJC_IMPLICIT_RETAIN_SELF = YES;
				CLANG_WARN_OBJC_LITERAL_CONVERSION = YES;
				CLANG_WARN_OBJC_ROOT_CLASS = YES_ERROR;
				CLANG_WARN_QUOTED_INCLUDE_IN_FRAMEWORK_HEADER = YES;
				CLANG_WARN_RANGE_LOOP_ANALYSIS = YES;
				CLANG_WARN_STRICT_PROTOTYPES = YES;
				CLANG_WARN_SUSPICIOUS_MOVE = YES;
				CLANG_WARN_UNGUARDED_AVAILABILITY = YES_AGGRESSIVE;
				CLANG_WARN_UNREACHABLE_CODE = YES;
				CLANG_WARN__DUPLICATE_METHOD_MATCH = YES;
				COPY_PHASE_STRIP = NO;
				DEBUG_INFORMATION_FORMAT = dwarf;
				ENABLE_STRICT_OBJC_MSGSEND = YES;
				ENABLE_TESTABILITY = YES;
				GCC_C_LANGUAGE_STANDARD = gnu11;
				GCC_DYNAMIC_NO_PIC = NO;
				GCC_NO_COMMON_BLOCKS = YES;
				GCC_OPTIMIZATION_LEVEL = 0;
				GCC_PREPROCESSOR_DEFINITIONS = (
					"DEBUG=1",
					"$(inherited)",
				);
				GCC_WARN_64_TO_32_BIT_CONVERSION = YES;
				GCC_WARN_ABOUT_RETURN_TYPE = YES_ERROR;
				GCC_WARN_UNDECLARED_SELECTOR = YES;
				GCC_WARN_UNINITIALIZED_AUTOS = YES_AGGRESSIVE;
				GCC_WARN_UNUSED_FUNCTION = YES;
				GCC_WARN_UNUSED_VARIABLE = YES;
				IPHONEOS_DEPLOYMENT_TARGET = 17.0;
				MTL_ENABLE_DEBUG_INFO = INCLUDE_SOURCE;
				MTL_FAST_MATH = YES;
				ONLY_ACTIVE_ARCH = YES;
				PRODUCT_NAME = "$(TARGET_NAME)";
				SDKROOT = iphoneos;
				SWIFT_ACTIVE_COMPILATION_CONDITIONS = DEBUG;
				SWIFT_OPTIMIZATION_LEVEL = "-Onone";
				SWIFT_VERSION = 5.0;
			};
			name = Debug;
		};
/* End XCBuildConfiguration section */

/* Begin XCConfigurationList section */
		7B42D0EA63ABA83D7005B331 /* Build configuration list for PBXNativeTarget "Hermes" */ = {
			isa = XCConfigurationList;
			buildConfigurations = (
				3EC43E9C3BE387B4DFD891AD /* Release */,
				A959E1159F364B21476356AF /* Debug */,
			);
			defaultConfigurationIsVisible = 0;
			defaultConfigurationName = Release;
		};
		B9552542AE46174CA180DDD0 /* Build configuration list for PBXNativeTarget "HermesTests" */ = {
			isa = XCConfigurationList;
			buildConfigurations = (
				803478B0C10E64E9E380F974 /* Release */,
				229474885C5D720767912087 /* Debug */,
			);
			defaultConfigurationIsVisible = 0;
			defaultConfigurationName = Release;
		};
		D796E656202458D1826D452C /* Build configuration list for PBXProject "Hermes" */ = {
			isa = XCConfigurationList;
			buildConfigurations = (
				D07D5D63A2863CD66C15E161 /* Debug */,
				5AEAFDB2CB4BD23730CB3BAC /* Release */,
			);
			defaultConfigurationIsVisible = 0;
			defaultConfigurationName = Release;
		};
/* End XCConfigurationList section */
	};
	rootObject = 851DAFAC5699C56F7D232327 /* Project object */;
}
